{
  "name": "@sakuracasino/docs",
  "version": "1.0.0",
  "lockfileVersion": 1,
  "requires": true,
  "dependencies": {
    "retypeapp": {
      "version": "1.5.0",
      "resolved": "https://registry.npmjs.org/retypeapp/-/retypeapp-1.5.0.tgz",
      "integrity": "sha512-fgyZKnZaznzQHwYK9s8S3bGI62KrM1kziQ9OI2lPsxnxZ2FNSF0/HvFYLGoCAOSF4U/iByvNzGNJQqeOnWiiMQ==",
      "dev": true
    }
  }
}
